{
  "object": {
    "pins": [
      {
        "package": "Alamofire",
        "repositoryURL": "https://github.com/Alamofire/Alamofire.git",
        "state": {
          "branch": null,
          "revision": "61a780f3b58ee0d2bb76fdb7b89dbc9751d521d7",
          "version": "4.7.3"
        }
      },
      {
        "package": "AwaitKit",
        "repositoryURL": "https://github.com/yannickl/AwaitKit.git",
        "state": {
          "branch": null,
          "revision": "e258f42003f003c7579e69b87a82b4d9a545df61",
          "version": "5.0.1"
        }
      },
      {
        "package": "JSONDecodeKit",
        "repositoryURL": "https://github.com/yume190/JSONDecodeKit.git",
        "state": {
          "branch": null,
          "revision": "8c44751ccf29f2c3f6615203ee5311fa75f60f48",
          "version": "4.1.0"
        }
      },
      {
        "package": "PromiseKit",
        "repositoryURL": "https://github.com/mxcl/PromiseKit.git",
        "state": {
          "branch": null,
          "revision": "66bcc386163121f14ee543aa20b682973cc98dd7",
          "version": "6.5.2"
        }
      }
    ]
  },
  "version": 1
}
